# THIS IS AN AUTOGENERATED FILE. DO NOT EDIT THIS FILE DIRECTLY.
# yarn lockfile v1


"@types/google-apps-script@^0.0.53":
  version "0.0.53"
  resolved "https://registry.yarnpkg.com/@types/google-apps-script/-/google-apps-script-0.0.53.tgz#72bcd785a2b40c0b63f1cd84298b5b36c7b912c1"
  integrity sha512-ycYjNrHZkl9Ah25H3BvKXqEyKHlK4rMLNvUwAqjbl2v29522pDinjBolDXuWTHV8JC+5tc38I/GA/I3B3Y+ihA==

prettier@^1.18.2:
  version "1.18.2"
  resolved "https://registry.yarnpkg.com/prettier/-/prettier-1.18.2.tgz#6823e7c5900017b4bd3acf46fe9ac4b4d7bda9ea"
  integrity sha512-OeHeMc0JhFE9idD4ZdtNibzY0+TPHSpSSb9h8FqtP+YnoZZ1sl8Vc9b1sasjfymH3SonAF4QcA2+mzHPhMvIiw==
